<?xml version="1.0" encoding="utf-8"?>
<Project ToolsVersion="4.0" xmlns="http://schemas.microsoft.com/developer/msbuild/2003">
  <ItemGroup>
    <Filter Include="源文件">
      <UniqueIdentifier>{4FC737F1-C7A5-4376-A066-2A32D752A2FF}</UniqueIdentifier>
      <Extensions>cpp;c;cc;cxx;c++;def;odl;idl;hpj;bat;asm;asmx</Extensions>
    </Filter>
    <Filter Include="头文件">
      <UniqueIdentifier>{93995380-89BD-4b04-88EB-625FBE52EBFB}</UniqueIdentifier>
      <Extensions>h;hh;hpp;hxx;h++;hm;inl;inc;ipp;xsd</Extensions>
    </Filter>
    <Filter Include="资源文件">
      <UniqueIdentifier>{67DA6AB6-F800-4c08-8B7A-83BB121AAD01}</UniqueIdentifier>
      <Extensions>rc;ico;cur;bmp;dlg;rc2;rct;bin;rgs;gif;jpg;jpeg;jpe;resx;tiff;tif;png;wav;mfcribbon-ms</Extensions>
    </Filter>
    <Filter Include="头文件\Filter">
      <UniqueIdentifier>{0e7c74ff-7d68-4e39-a658-0a439cf0766e}</UniqueIdentifier>
    </Filter>
    <Filter Include="头文件\Graphics">
      <UniqueIdentifier>{9c191289-09f4-4535-a80e-5347fb3fa683}</UniqueIdentifier>
    </Filter>
    <Filter Include="头文件\Graphics\Shader">
      <UniqueIdentifier>{9a1f76a8-fb6e-445f-b623-9da54cab7a1f}</UniqueIdentifier>
    </Filter>
    <Filter Include="头文件\Graphics\Pipeline">
      <UniqueIdentifier>{7328c422-d797-4db6-99c9-a20b723b0b1e}</UniqueIdentifier>
    </Filter>
    <Filter Include="头文件\Graphics\Render">
      <UniqueIdentifier>{5d52666d-fcb0-41c8-baa7-235009df6124}</UniqueIdentifier>
    </Filter>
    <Filter Include="头文件\Graphics\Management">
      <UniqueIdentifier>{6e5509a9-0a48-4480-953a-3a327611cad1}</UniqueIdentifier>
    </Filter>
    <Filter Include="头文件\Graphics\Resource">
      <UniqueIdentifier>{e91ecd98-8f96-4e98-970a-a9c2b82479e9}</UniqueIdentifier>
    </Filter>
    <Filter Include="头文件\Core">
      <UniqueIdentifier>{10900c40-29c7-4fc5-ba71-8f35bf8b1ed0}</UniqueIdentifier>
    </Filter>
    <Filter Include="头文件\Core\rtti">
      <UniqueIdentifier>{743e5038-8373-4afb-8504-662d297673b2}</UniqueIdentifier>
    </Filter>
    <Filter Include="头文件\Core\memory">
      <UniqueIdentifier>{9a04e76e-c8e9-4bca-b739-e923341c3b20}</UniqueIdentifier>
    </Filter>
    <Filter Include="头文件\Core\memory\allocation">
      <UniqueIdentifier>{705ab331-fc17-443b-b95e-3f5d961704bd}</UniqueIdentifier>
    </Filter>
    <Filter Include="Shaders">
      <UniqueIdentifier>{0b4fd54f-522a-4b5d-a3b9-a912107bec47}</UniqueIdentifier>
    </Filter>
  </ItemGroup>
  <ItemGroup>
    <ClInclude Include="GameTimer.h">
      <Filter>头文件</Filter>
    </ClInclude>
    <ClInclude Include="d3dx12.h">
      <Filter>头文件</Filter>
    </ClInclude>
    <ClInclude Include="MathHelper.h">
      <Filter>头文件</Filter>
    </ClInclude>
    <ClInclude Include="Camera.h">
      <Filter>头文件</Filter>
    </ClInclude>
    <ClInclude Include="d3dApp.h">
      <Filter>头文件</Filter>
    </ClInclude>
    <ClInclude Include="d3dUtil.h">
      <Filter>头文件</Filter>
    </ClInclude>
    <ClInclude Include="DDSTextureLoader.h">
      <Filter>头文件</Filter>
    </ClInclude>
    <ClInclude Include="GeometryGenerator.h">
      <Filter>头文件</Filter>
    </ClInclude>
    <ClInclude Include="FrameResource.h">
      <Filter>头文件</Filter>
    </ClInclude>
    <ClInclude Include="PlayGround.h">
      <Filter>头文件</Filter>
    </ClInclude>
    <ClInclude Include="ShadowMap.h">
      <Filter>头文件</Filter>
    </ClInclude>
    <ClInclude Include="BlurFilter.h">
      <Filter>头文件\Filter</Filter>
    </ClInclude>
    <ClInclude Include="UploadBuffer.h">
      <Filter>头文件</Filter>
    </ClInclude>
    <ClInclude Include="RootSignature.h">
      <Filter>头文件\Graphics</Filter>
    </ClInclude>
    <ClInclude Include="Ssao.h">
      <Filter>头文件\Graphics</Filter>
    </ClInclude>
    <ClInclude Include="AnimationHelper.h">
      <Filter>头文件\Graphics</Filter>
    </ClInclude>
    <ClInclude Include="Shader.h">
      <Filter>头文件\Graphics\Shader</Filter>
    </ClInclude>
    <ClInclude Include="SkyBox.h">
      <Filter>头文件\Graphics\Render</Filter>
    </ClInclude>
    <ClInclude Include="Mesh.h">
      <Filter>头文件\Graphics\Render</Filter>
    </ClInclude>
    <ClInclude Include="PSOPool.h">
      <Filter>头文件\Graphics\Management</Filter>
    </ClInclude>
    <ClInclude Include="Graphics.h">
      <Filter>头文件\Graphics</Filter>
    </ClInclude>
    <ClInclude Include="RenderTarget.h">
      <Filter>头文件\Graphics\Render</Filter>
    </ClInclude>
    <ClInclude Include="RenderTexture.h">
      <Filter>头文件\Graphics\Render</Filter>
    </ClInclude>
    <ClInclude Include="Object.h">
      <Filter>头文件\Core</Filter>
    </ClInclude>
    <ClInclude Include="GPUResource.h">
      <Filter>头文件\Core</Filter>
    </ClInclude>
    <ClInclude Include="JTexture.h">
      <Filter>头文件\Core</Filter>
    </ClInclude>
    <ClInclude Include="DescriptorHeap.h">
      <Filter>头文件\Core</Filter>
    </ClInclude>
    <ClInclude Include="CommandBuffer.h">
      <Filter>头文件\Core</Filter>
    </ClInclude>
    <ClInclude Include="BufferBase.h">
      <Filter>头文件\Core</Filter>
    </ClInclude>
    <ClInclude Include="JRtti.h">
      <Filter>头文件\Core</Filter>
    </ClInclude>
    <ClInclude Include="JProperty.h">
      <Filter>头文件\Core\rtti</Filter>
    </ClInclude>
    <ClInclude Include="Name.h">
      <Filter>头文件\Core\rtti</Filter>
    </ClInclude>
    <ClInclude Include="AllocationManager.h">
      <Filter>头文件\Core\memory\allocation</Filter>
    </ClInclude>
  </ItemGroup>
  <ItemGroup>
    <ClCompile Include="GameTimer.cpp">
      <Filter>源文件</Filter>
    </ClCompile>
    <ClCompile Include="Camera.cpp">
      <Filter>源文件</Filter>
    </ClCompile>
    <ClCompile Include="d3dApp.cpp">
      <Filter>源文件</Filter>
    </ClCompile>
    <ClCompile Include="d3dUtil.cpp">
      <Filter>源文件</Filter>
    </ClCompile>
    <ClCompile Include="DDSTextureLoader.cpp">
      <Filter>源文件</Filter>
    </ClCompile>
    <ClCompile Include="GeometryGenerator.cpp">
      <Filter>源文件</Filter>
    </ClCompile>
    <ClCompile Include="imgui.cpp">
      <Filter>源文件</Filter>
    </ClCompile>
    <ClCompile Include="imgui_demo.cpp">
      <Filter>源文件</Filter>
    </ClCompile>
    <ClCompile Include="imgui_draw.cpp">
      <Filter>源文件</Filter>
    </ClCompile>
    <ClCompile Include="imgui_impl_dx12.cpp">
      <Filter>源文件</Filter>
    </ClCompile>
    <ClCompile Include="imgui_impl_win32.cpp">
      <Filter>源文件</Filter>
    </ClCompile>
    <ClCompile Include="imgui_widgets.cpp">
      <Filter>源文件</Filter>
    </ClCompile>
    <ClCompile Include="MathHelper.cpp">
      <Filter>源文件</Filter>
    </ClCompile>
    <ClCompile Include="FrameResource.cpp">
      <Filter>源文件</Filter>
    </ClCompile>
    <ClCompile Include="PlayGround.cpp">
      <Filter>源文件</Filter>
    </ClCompile>
    <ClCompile Include="main.cpp">
      <Filter>源文件</Filter>
    </ClCompile>
    <ClCompile Include="ShadowMap.cpp">
      <Filter>源文件</Filter>
    </ClCompile>
    <ClCompile Include="BlurFilter.cpp">
      <Filter>源文件</Filter>
    </ClCompile>
    <ClCompile Include="RootSignature.cpp">
      <Filter>源文件</Filter>
    </ClCompile>
    <ClCompile Include="Ssao.cpp">
      <Filter>源文件</Filter>
    </ClCompile>
    <ClCompile Include="AnimationHelper.cpp">
      <Filter>源文件</Filter>
    </ClCompile>
    <ClCompile Include="DescriptorHeap.cpp">
      <Filter>源文件</Filter>
    </ClCompile>
    <ClCompile Include="JRtti.cpp">
      <Filter>源文件</Filter>
    </ClCompile>
    <ClCompile Include="Name.cpp">
      <Filter>源文件</Filter>
    </ClCompile>
    <ClCompile Include="Object.cpp">
      <Filter>源文件</Filter>
    </ClCompile>
    <ClCompile Include="AllocationManager.cpp">
      <Filter>源文件</Filter>
    </ClCompile>
  </ItemGroup>
  <ItemGroup>
    <FxCompile Include="..\Shaders\Common.hlsl">
      <Filter>Shaders</Filter>
    </FxCompile>
    <FxCompile Include="..\Shaders\Default.hlsl">
      <Filter>Shaders</Filter>
    </FxCompile>
    <FxCompile Include="..\Shaders\DrawNormals.hlsl">
      <Filter>Shaders</Filter>
    </FxCompile>
    <FxCompile Include="..\Shaders\LightingUtil.hlsl">
      <Filter>Shaders</Filter>
    </FxCompile>
    <FxCompile Include="..\Shaders\PBR.hlsl">
      <Filter>Shaders</Filter>
    </FxCompile>
    <FxCompile Include="..\Shaders\ShadowDebug.hlsl">
      <Filter>Shaders</Filter>
    </FxCompile>
    <FxCompile Include="..\Shaders\Shadows.hlsl">
      <Filter>Shaders</Filter>
    </FxCompile>
    <FxCompile Include="..\Shaders\Sky.hlsl">
      <Filter>Shaders</Filter>
    </FxCompile>
    <FxCompile Include="..\Shaders\Ssao.hlsl">
      <Filter>Shaders</Filter>
    </FxCompile>
    <FxCompile Include="..\Shaders\SsaoBlur.hlsl">
      <Filter>Shaders</Filter>
    </FxCompile>
    <FxCompile Include="..\Shaders\DefaultPS.hlsl">
      <Filter>Shaders</Filter>
    </FxCompile>
  </ItemGroup>
</Project>